Microsoft Visual Studio Solution File, Format Version 12.00
# Visual Studio Version 17
VisualStudioVersion = 17.5.2.0
MinimumVisualStudioVersion = 10.0.40219.1
Project("{FAE04EC0-301F-11D3-BF4B-00C04F79EFBC}") = "JSONRPCServer", "JSONRPCServer.csproj", "{FF7B2C4F-8201-B68C-3EFE-B3C313436738}"
EndProject
Global
	GlobalSection(SolutionConfigurationPlatforms) = preSolution
		Debug|Any CPU = Debug|Any CPU
		Release|Any CPU = Release|Any CPU
	EndGlobalSection
	GlobalSection(ProjectConfigurationPlatforms) = postSolution
		{FF7B2C4F-8201-B68C-3EFE-B3C313436738}.Debug|Any CPU.ActiveCfg = Debug|Any CPU
		{FF7B2C4F-8201-B68C-3EFE-B3C313436738}.Debug|Any CPU.Build.0 = Debug|Any CPU
		{FF7B2C4F-8201-B68C-3EFE-B3C313436738}.Release|Any CPU.ActiveCfg = Release|Any CPU
		{FF7B2C4F-8201-B68C-3EFE-B3C313436738}.Release|Any CPU.Build.0 = Release|Any CPU
	EndGlobalSection
	GlobalSection(SolutionProperties) = preSolution
		HideSolutionNode = FALSE
	EndGlobalSection
	GlobalSection(ExtensibilityGlobals) = postSolution
		SolutionGuid = {75675B4F-36BD-4286-83E8-DAFF9F7B18B2}
	EndGlobalSection
EndGlobal
